
Microsoft Visual Studio Solution File, Format Version 12.00
# Visual Studio Version 16
VisualStudioVersion = 16.0.33214.272
MinimumVisualStudioVersion = 10.0.40219.1
Project("{FAE04EC0-301F-11D3-BF4B-00C04F79EFBC}") = "OOP1", "OOP1\OOP1.csproj", "{C397BF57-DE92-4FE9-9DC1-1CC13694009D}"
EndProject
Global
	GlobalSection(SolutionConfigurationPlatforms) = preSolution
		Debug|Any CPU = Debug|Any CPU
		Release|Any CPU = Release|Any CPU
	EndGlobalSection
	GlobalSection(ProjectConfigurationPlatforms) = postSolution
		{C397BF57-DE92-4FE9-9DC1-1CC13694009D}.Debug|Any CPU.ActiveCfg = Debug|Any CPU
		{C397BF57-DE92-4FE9-9DC1-1CC13694009D}.Debug|Any CPU.Build.0 = Debug|Any CPU
		{C397BF57-DE92-4FE9-9DC1-1CC13694009D}.Release|Any CPU.ActiveCfg = Release|Any CPU
		{C397BF57-DE92-4FE9-9DC1-1CC13694009D}.Release|Any CPU.Build.0 = Release|Any CPU
	EndGlobalSection
	GlobalSection(SolutionProperties) = preSolution
		HideSolutionNode = FALSE
	EndGlobalSection
	GlobalSection(ExtensibilityGlobals) = postSolution
		SolutionGuid = {B0BCE30E-D0C5-4A1D-AC67-99C7B3734E37}
	EndGlobalSection
EndGlobal
